
Microsoft Visual Studio Solution File, Format Version 12.00
# Visual Studio 15
VisualStudioVersion = 15.0.28010.2036
MinimumVisualStudioVersion = 10.0.40219.1
Project("{FAE04EC0-301F-11D3-BF4B-00C04F79EFBC}") = "Simple paint", "Simple paint\Simple paint.csproj", "{584C5CC2-C34D-443C-B482-2E427DA8E6A1}"
EndProject
Global
	GlobalSection(SolutionConfigurationPlatforms) = preSolution
		Debug|Any CPU = Debug|Any CPU
		Release|Any CPU = Release|Any CPU
	EndGlobalSection
	GlobalSection(ProjectConfigurationPlatforms) = postSolution
		{584C5CC2-C34D-443C-B482-2E427DA8E6A1}.Debug|Any CPU.ActiveCfg = Debug|Any CPU
		{584C5CC2-C34D-443C-B482-2E427DA8E6A1}.Debug|Any CPU.Build.0 = Debug|Any CPU
		{584C5CC2-C34D-443C-B482-2E427DA8E6A1}.Release|Any CPU.ActiveCfg = Release|Any CPU
		{584C5CC2-C34D-443C-B482-2E427DA8E6A1}.Release|Any CPU.Build.0 = Release|Any CPU
	EndGlobalSection
	GlobalSection(SolutionProperties) = preSolution
		HideSolutionNode = FALSE
	EndGlobalSection
	GlobalSection(ExtensibilityGlobals) = postSolution
		SolutionGuid = {489306BF-2933-4D9F-B704-720C837D2C21}
	EndGlobalSection
EndGlobal
